
Microsoft Visual Studio Solution File, Format Version 12.00
# Visual Studio 15
VisualStudioVersion = 15.0.27130.2020
MinimumVisualStudioVersion = 10.0.40219.1
Project("{9A19103F-16F7-4668-BE54-9A1E7A4F7556}") = "JakeJones.Home.Music", "JakeJones.Home.Music\JakeJones.Home.Music.csproj", "{3B911CCC-6901-4D95-A1E1-98694456B4FA}"
EndProject
Project("{9A19103F-16F7-4668-BE54-9A1E7A4F7556}") = "JakeJones.Home.Music.DataAccess.Discogs", "JakeJones.Home.Music.DataAccess.Discogs\JakeJones.Home.Music.DataAccess.Discogs.csproj", "{26573AF4-F6FD-4825-83BA-4EB485FA50FF}"
EndProject
Project("{9A19103F-16F7-4668-BE54-9A1E7A4F7556}") = "JakeJones.Home.Music.DataAccess.LastFm", "JakeJones.Home.Music.DataAccess.LastFm\JakeJones.Home.Music.DataAccess.LastFm.csproj", "{62FE916E-7A5B-4DFD-A885-27FAEFD50DB3}"
EndProject
Project("{9A19103F-16F7-4668-BE54-9A1E7A4F7556}") = "JakeJones.Home.Website", "JakeJones.Home.Website\JakeJones.Home.Website.csproj", "{70374F40-D1F5-4449-B141-D15F776DBEDF}"
EndProject
Project("{9A19103F-16F7-4668-BE54-9A1E7A4F7556}") = "JakeJones.Home.Music.Implementation", "JakeJones.Home.Music.Implementation\JakeJones.Home.Music.Implementation.csproj", "{BE50E6DC-D8E2-47AD-8B4A-BC3AFDD4BFFC}"
EndProject
Project("{9A19103F-16F7-4668-BE54-9A1E7A4F7556}") = "JakeJones.Home.Blog", "JakeJones.Home.Blog\JakeJones.Home.Blog.csproj", "{8714AC4C-99C8-4BCB-A324-B4E4440D006F}"
EndProject
Project("{9A19103F-16F7-4668-BE54-9A1E7A4F7556}") = "JakeJones.Home.Blog.DataAccess.SqlServer", "JakeJones.Home.Blog.DataAccess.SqlServer\JakeJones.Home.Blog.DataAccess.SqlServer.csproj", "{FFDB2943-B65D-4E87-BF30-BBF3F5E9C7DE}"
EndProject
Project("{9A19103F-16F7-4668-BE54-9A1E7A4F7556}") = "JakeJones.Home.Blog.Implementation", "JakeJones.Home.Blog.Implementation\JakeJones.Home.Blog.Implementation.csproj", "{7B90BE80-956C-4F15-834E-A2308AF15DD0}"
EndProject
Project("{9A19103F-16F7-4668-BE54-9A1E7A4F7556}") = "JakeJones.Home.Core", "JakeJones.Home.Core\JakeJones.Home.Core.csproj", "{3907EC11-0A68-487A-8159-099D2747472C}"
EndProject
Project("{9A19103F-16F7-4668-BE54-9A1E7A4F7556}") = "JakeJones.Home.Core.Implementation", "JakeJones.Home.Core.Implementation\JakeJones.Home.Core.Implementation.csproj", "{F70C1399-4979-41F3-865E-0CEFE43473B5}"
EndProject
Project("{2150E333-8FDC-42A3-9474-1A3956D46DE8}") = "Solution Items", "Solution Items", "{A031C02B-BB75-44E3-82C1-B204A7E5006C}"
	ProjectSection(SolutionItems) = preProject
		.editorconfig = .editorconfig
	EndProjectSection
EndProject
Global
	GlobalSection(SolutionConfigurationPlatforms) = preSolution
		Debug|Any CPU = Debug|Any CPU
		Release|Any CPU = Release|Any CPU
	EndGlobalSection
	GlobalSection(ProjectConfigurationPlatforms) = postSolution
		{3B911CCC-6901-4D95-A1E1-98694456B4FA}.Debug|Any CPU.ActiveCfg = Debug|Any CPU
		{3B911CCC-6901-4D95-A1E1-98694456B4FA}.Debug|Any CPU.Build.0 = Debug|Any CPU
		{3B911CCC-6901-4D95-A1E1-98694456B4FA}.Release|Any CPU.ActiveCfg = Release|Any CPU
		{3B911CCC-6901-4D95-A1E1-98694456B4FA}.Release|Any CPU.Build.0 = Release|Any CPU
		{26573AF4-F6FD-4825-83BA-4EB485FA50FF}.Debug|Any CPU.ActiveCfg = Debug|Any CPU
		{26573AF4-F6FD-4825-83BA-4EB485FA50FF}.Debug|Any CPU.Build.0 = Debug|Any CPU
		{26573AF4-F6FD-4825-83BA-4EB485FA50FF}.Release|Any CPU.ActiveCfg = Release|Any CPU
		{26573AF4-F6FD-4825-83BA-4EB485FA50FF}.Release|Any CPU.Build.0 = Release|Any CPU
		{62FE916E-7A5B-4DFD-A885-27FAEFD50DB3}.Debug|Any CPU.ActiveCfg = Debug|Any CPU
		{62FE916E-7A5B-4DFD-A885-27FAEFD50DB3}.Debug|Any CPU.Build.0 = Debug|Any CPU
		{62FE916E-7A5B-4DFD-A885-27FAEFD50DB3}.Release|Any CPU.ActiveCfg = Release|Any CPU
		{62FE916E-7A5B-4DFD-A885-27FAEFD50DB3}.Release|Any CPU.Build.0 = Release|Any CPU
		{70374F40-D1F5-4449-B141-D15F776DBEDF}.Debug|Any CPU.ActiveCfg = Debug|Any CPU
		{70374F40-D1F5-4449-B141-D15F776DBEDF}.Debug|Any CPU.Build.0 = Debug|Any CPU
		{70374F40-D1F5-4449-B141-D15F776DBEDF}.Release|Any CPU.ActiveCfg = Release|Any CPU
		{70374F40-D1F5-4449-B141-D15F776DBEDF}.Release|Any CPU.Build.0 = Release|Any CPU
		{BE50E6DC-D8E2-47AD-8B4A-BC3AFDD4BFFC}.Debug|Any CPU.ActiveCfg = Debug|Any CPU
		{BE50E6DC-D8E2-47AD-8B4A-BC3AFDD4BFFC}.Debug|Any CPU.Build.0 = Debug|Any CPU
		{BE50E6DC-D8E2-47AD-8B4A-BC3AFDD4BFFC}.Release|Any CPU.ActiveCfg = Release|Any CPU
		{BE50E6DC-D8E2-47AD-8B4A-BC3AFDD4BFFC}.Release|Any CPU.Build.0 = Release|Any CPU
		{8714AC4C-99C8-4BCB-A324-B4E4440D006F}.Debug|Any CPU.ActiveCfg = Debug|Any CPU
		{8714AC4C-99C8-4BCB-A324-B4E4440D006F}.Debug|Any CPU.Build.0 = Debug|Any CPU
		{8714AC4C-99C8-4BCB-A324-B4E4440D006F}.Release|Any CPU.ActiveCfg = Release|Any CPU
		{8714AC4C-99C8-4BCB-A324-B4E4440D006F}.Release|Any CPU.Build.0 = Release|Any CPU
		{FFDB2943-B65D-4E87-BF30-BBF3F5E9C7DE}.Debug|Any CPU.ActiveCfg = Debug|Any CPU
		{FFDB2943-B65D-4E87-BF30-BBF3F5E9C7DE}.Debug|Any CPU.Build.0 = Debug|Any CPU
		{FFDB2943-B65D-4E87-BF30-BBF3F5E9C7DE}.Release|Any CPU.ActiveCfg = Release|Any CPU
		{FFDB2943-B65D-4E87-BF30-BBF3F5E9C7DE}.Release|Any CPU.Build.0 = Release|Any CPU
		{7B90BE80-956C-4F15-834E-A2308AF15DD0}.Debug|Any CPU.ActiveCfg = Debug|Any CPU
		{7B90BE80-956C-4F15-834E-A2308AF15DD0}.Debug|Any CPU.Build.0 = Debug|Any CPU
		{7B90BE80-956C-4F15-834E-A2308AF15DD0}.Release|Any CPU.ActiveCfg = Release|Any CPU
		{7B90BE80-956C-4F15-834E-A2308AF15DD0}.Release|Any CPU.Build.0 = Release|Any CPU
		{3907EC11-0A68-487A-8159-099D2747472C}.Debug|Any CPU.ActiveCfg = Debug|Any CPU
		{3907EC11-0A68-487A-8159-099D2747472C}.Debug|Any CPU.Build.0 = Debug|Any CPU
		{3907EC11-0A68-487A-8159-099D2747472C}.Release|Any CPU.ActiveCfg = Release|Any CPU
		{3907EC11-0A68-487A-8159-099D2747472C}.Release|Any CPU.Build.0 = Release|Any CPU
		{F70C1399-4979-41F3-865E-0CEFE43473B5}.Debug|Any CPU.ActiveCfg = Debug|Any CPU
		{F70C1399-4979-41F3-865E-0CEFE43473B5}.Debug|Any CPU.Build.0 = Debug|Any CPU
		{F70C1399-4979-41F3-865E-0CEFE43473B5}.Release|Any CPU.ActiveCfg = Release|Any CPU
		{F70C1399-4979-41F3-865E-0CEFE43473B5}.Release|Any CPU.Build.0 = Release|Any CPU
	EndGlobalSection
	GlobalSection(SolutionProperties) = preSolution
		HideSolutionNode = FALSE
	EndGlobalSection
	GlobalSection(ExtensibilityGlobals) = postSolution
		SolutionGuid = {7BC83DF6-5A7A-426F-8184-DCF28397379E}
	EndGlobalSection
EndGlobal
